// !$*UTF8*$!
{
	archiveVersion = 1;
	classes = {
	};
	objectVersion = 55;
	objects = {

/* Begin PBXBuildFile section */
		020FFDE0A8393C1036DB7B88 /* Pods_OCS_OCSUITests.framework in Frameworks */ = {isa = PBXBuildFile; fileRef = DD0490E0CB89EDFA4B54D36D /* Pods_OCS_OCSUITests.framework */; };
		047C9675275902D000EF7D9D /* AppDelegate.swift in Sources */ = {isa = PBXBuildFile; fileRef = 047C9674275902D000EF7D9D /* AppDelegate.swift */; };
		047C9677275902D000EF7D9D /* SceneDelegate.swift in Sources */ = {isa = PBXBuildFile; fileRef = 047C9676275902D000EF7D9D /* SceneDelegate.swift */; };
		047C9679275902D000EF7D9D /* ViewController.swift in Sources */ = {isa = PBXBuildFile; fileRef = 047C9678275902D000EF7D9D /* ViewController.swift */; };
		047C967C275902D000EF7D9D /* Main.storyboard in Resources */ = {isa = PBXBuildFile; fileRef = 047C967A275902D000EF7D9D /* Main.storyboard */; };
		047C967E275902D200EF7D9D /* Assets.xcassets in Resources */ = {isa = PBXBuildFile; fileRef = 047C967D275902D200EF7D9D /* Assets.xcassets */; };
		047C9681275902D200EF7D9D /* LaunchScreen.storyboard in Resources */ = {isa = PBXBuildFile; fileRef = 047C967F275902D200EF7D9D /* LaunchScreen.storyboard */; };
		047C968C275902D300EF7D9D /* OCSTests.swift in Sources */ = {isa = PBXBuildFile; fileRef = 047C968B275902D300EF7D9D /* OCSTests.swift */; };
		047C9696275902D300EF7D9D /* OCSUITests.swift in Sources */ = {isa = PBXBuildFile; fileRef = 047C9695275902D300EF7D9D /* OCSUITests.swift */; };
		047C9698275902D300EF7D9D /* OCSUITestsLaunchTests.swift in Sources */ = {isa = PBXBuildFile; fileRef = 047C9697275902D300EF7D9D /* OCSUITestsLaunchTests.swift */; };
		5D0363A79091D65E5A70288C /* Pods_OCSTests.framework in Frameworks */ = {isa = PBXBuildFile; fileRef = DCF60E339E817E41740579CB /* Pods_OCSTests.framework */; };
		E25B158B88BE3EF6091538C3 /* Pods_OCS.framework in Frameworks */ = {isa = PBXBuildFile; fileRef = D9E8572D87C583E95D217410 /* Pods_OCS.framework */; };
/* End PBXBuildFile section */

/* Begin PBXContainerItemProxy section */
		047C9688275902D300EF7D9D /* PBXContainerItemProxy */ = {
			isa = PBXContainerItemProxy;
			containerPortal = 047C9669275902D000EF7D9D /* Project object */;
			proxyType = 1;
			remoteGlobalIDString = 047C9670275902D000EF7D9D;
			remoteInfo = OCS;
		};
		047C9692275902D300EF7D9D /* PBXContainerItemProxy */ = {
			isa = PBXContainerItemProxy;
			containerPortal = 047C9669275902D000EF7D9D /* Project object */;
			proxyType = 1;
			remoteGlobalIDString = 047C9670275902D000EF7D9D;
			remoteInfo = OCS;
		};
/* End PBXContainerItemProxy section */

/* Begin PBXFileReference section */
		047C9671275902D000EF7D9D /* OCS.app */ = {isa = PBXFileReference; explicitFileType = wrapper.application; includeInIndex = 0; path = OCS.app; sourceTree = BUILT_PRODUCTS_DIR; };
		047C9674275902D000EF7D9D /* AppDelegate.swift */ = {isa = PBXFileReference; lastKnownFileType = sourcecode.swift; path = AppDelegate.swift; sourceTree = "<group>"; };
		047C9676275902D000EF7D9D /* SceneDelegate.swift */ = {isa = PBXFileReference; lastKnownFileType = sourcecode.swift; path = SceneDelegate.swift; sourceTree = "<group>"; };
		047C9678275902D000EF7D9D /* ViewController.swift */ = {isa = PBXFileReference; lastKnownFileType = sourcecode.swift; path = ViewController.swift; sourceTree = "<group>"; };
		047C967B275902D000EF7D9D /* Base */ = {isa = PBXFileReference; lastKnownFileType = file.storyboard; name = Base; path = Base.lproj/Main.storyboard; sourceTree = "<group>"; };
		047C967D275902D200EF7D9D /* Assets.xcassets */ = {isa = PBXFileReference; lastKnownFileType = folder.assetcatalog; path = Assets.xcassets; sourceTree = "<group>"; };
		047C9680275902D200EF7D9D /* Base */ = {isa = PBXFileReference; lastKnownFileType = file.storyboard; name = Base; path = Base.lproj/LaunchScreen.storyboard; sourceTree = "<group>"; };
		047C9682275902D200EF7D9D /* Info.plist */ = {isa = PBXFileReference; lastKnownFileType = text.plist.xml; path = Info.plist; sourceTree = "<group>"; };
		047C9687275902D300EF7D9D /* OCSTests.xctest */ = {isa = PBXFileReference; explicitFileType = wrapper.cfbundle; includeInIndex = 0; path = OCSTests.xctest; sourceTree = BUILT_PRODUCTS_DIR; };
		047C968B275902D300EF7D9D /* OCSTests.swift */ = {isa = PBXFileReference; lastKnownFileType = sourcecode.swift; path = OCSTests.swift; sourceTree = "<group>"; };
		047C9691275902D300EF7D9D /* OCSUITests.xctest */ = {isa = PBXFileReference; explicitFileType = wrapper.cfbundle; includeInIndex = 0; path = OCSUITests.xctest; sourceTree = BUILT_PRODUCTS_DIR; };
		047C9695275902D300EF7D9D /* OCSUITests.swift */ = {isa = PBXFileReference; lastKnownFileType = sourcecode.swift; path = OCSUITests.swift; sourceTree = "<group>"; };
		047C9697275902D300EF7D9D /* OCSUITestsLaunchTests.swift */ = {isa = PBXFileReference; lastKnownFileType = sourcecode.swift; path = OCSUITestsLaunchTests.swift; sourceTree = "<group>"; };
		29F1B5958DC572D85B53C1D7 /* Pods-OCS-OCSUITests.debug.xcconfig */ = {isa = PBXFileReference; includeInIndex = 1; lastKnownFileType = text.xcconfig; name = "Pods-OCS-OCSUITests.debug.xcconfig"; path = "Target Support Files/Pods-OCS-OCSUITests/Pods-OCS-OCSUITests.debug.xcconfig"; sourceTree = "<group>"; };
		340217DD29170C964D7566FA /* Pods-OCS.release.xcconfig */ = {isa = PBXFileReference; includeInIndex = 1; lastKnownFileType = text.xcconfig; name = "Pods-OCS.release.xcconfig"; path = "Target Support Files/Pods-OCS/Pods-OCS.release.xcconfig"; sourceTree = "<group>"; };
		858CC11561FAC49C98C86A88 /* Pods-OCS.debug.xcconfig */ = {isa = PBXFileReference; includeInIndex = 1; lastKnownFileType = text.xcconfig; name = "Pods-OCS.debug.xcconfig"; path = "Target Support Files/Pods-OCS/Pods-OCS.debug.xcconfig"; sourceTree = "<group>"; };
		93FD53876099ED39CA315D91 /* Pods-OCSTests.debug.xcconfig */ = {isa = PBXFileReference; includeInIndex = 1; lastKnownFileType = text.xcconfig; name = "Pods-OCSTests.debug.xcconfig"; path = "Target Support Files/Pods-OCSTests/Pods-OCSTests.debug.xcconfig"; sourceTree = "<group>"; };
		B3B4F01E8387EA223E5A43A3 /* Pods-OCSTests.release.xcconfig */ = {isa = PBXFileReference; includeInIndex = 1; lastKnownFileType = text.xcconfig; name = "Pods-OCSTests.release.xcconfig"; path = "Target Support Files/Pods-OCSTests/Pods-OCSTests.release.xcconfig"; sourceTree = "<group>"; };
		BC1DF295661EE1AAB356827D /* Pods-OCS-OCSUITests.release.xcconfig */ = {isa = PBXFileReference; includeInIndex = 1; lastKnownFileType = text.xcconfig; name = "Pods-OCS-OCSUITests.release.xcconfig"; path = "Target Support Files/Pods-OCS-OCSUITests/Pods-OCS-OCSUITests.release.xcconfig"; sourceTree = "<group>"; };
		D9E8572D87C583E95D217410 /* Pods_OCS.framework */ = {isa = PBXFileReference; explicitFileType = wrapper.framework; includeInIndex = 0; path = Pods_OCS.framework; sourceTree = BUILT_PRODUCTS_DIR; };
		DCF60E339E817E41740579CB /* Pods_OCSTests.framework */ = {isa = PBXFileReference; explicitFileType = wrapper.framework; includeInIndex = 0; path = Pods_OCSTests.framework; sourceTree = BUILT_PRODUCTS_DIR; };
		DD0490E0CB89EDFA4B54D36D /* Pods_OCS_OCSUITests.framework */ = {isa = PBXFileReference; explicitFileType = wrapper.framework; includeInIndex = 0; path = Pods_OCS_OCSUITests.framework; sourceTree = BUILT_PRODUCTS_DIR; };
/* End PBXFileReference section */

/* Begin PBXFrameworksBuildPhase section */
		047C966E275902D000EF7D9D /* Frameworks */ = {
			isa = PBXFrameworksBuildPhase;
			buildActionMask = 2147483647;
			files = (
				E25B158B88BE3EF6091538C3 /* Pods_OCS.framework in Frameworks */,
			);
			runOnlyForDeploymentPostprocessing = 0;
		};
		047C9684275902D300EF7D9D /* Frameworks */ = {
			isa = PBXFrameworksBuildPhase;
			buildActionMask = 2147483647;
			files = (
				5D0363A79091D65E5A70288C /* Pods_OCSTests.framework in Frameworks */,
			);
			runOnlyForDeploymentPostprocessing = 0;
		};
		047C968E275902D300EF7D9D /* Frameworks */ = {
			isa = PBXFrameworksBuildPhase;
			buildActionMask = 2147483647;
			files = (
				020FFDE0A8393C1036DB7B88 /* Pods_OCS_OCSUITests.framework in Frameworks */,
			);
			runOnlyForDeploymentPostprocessing = 0;
		};
/* End PBXFrameworksBuildPhase section */

/* Begin PBXGroup section */
		047C9668275902D000EF7D9D = {
			isa = PBXGroup;
			children = (
				047C9673275902D000EF7D9D /* OCS */,
				047C968A275902D300EF7D9D /* OCSTests */,
				047C9694275902D300EF7D9D /* OCSUITests */,
				047C9672275902D000EF7D9D /* Products */,
				3D368AF9BE1C1927DFD9CF38 /* Pods */,
				57B2D9990F40F25CB3D4068F /* Frameworks */,
			);
			sourceTree = "<group>";
		};
		047C9672275902D000EF7D9D /* Products */ = {
			isa = PBXGroup;
			children = (
				047C9671275902D000EF7D9D /* OCS.app */,
				047C9687275902D300EF7D9D /* OCSTests.xctest */,
				047C9691275902D300EF7D9D /* OCSUITests.xctest */,
			);
			name = Products;
			sourceTree = "<group>";
		};
		047C9673275902D000EF7D9D /* OCS */ = {
			isa = PBXGroup;
			children = (
				047C9674275902D000EF7D9D /* AppDelegate.swift */,
				047C9676275902D000EF7D9D /* SceneDelegate.swift */,
				047C9678275902D000EF7D9D /* ViewController.swift */,
				047C967A275902D000EF7D9D /* Main.storyboard */,
				047C967D275902D200EF7D9D /* Assets.xcassets */,
				047C967F275902D200EF7D9D /* LaunchScreen.storyboard */,
				047C9682275902D200EF7D9D /* Info.plist */,
			);
			path = OCS;
			sourceTree = "<group>";
		};
		047C968A275902D300EF7D9D /* OCSTests */ = {
			isa = PBXGroup;
			children = (
				047C968B275902D300EF7D9D /* OCSTests.swift */,
			);
			path = OCSTests;
			sourceTree = "<group>";
		};
		047C9694275902D300EF7D9D /* OCSUITests */ = {
			isa = PBXGroup;
			children = (
				047C9695275902D300EF7D9D /* OCSUITests.swift */,
				047C9697275902D300EF7D9D /* OCSUITestsLaunchTests.swift */,
			);
			path = OCSUITests;
			sourceTree = "<group>";
		};
		3D368AF9BE1C1927DFD9CF38 /* Pods */ = {
			isa = PBXGroup;
			children = (
				858CC11561FAC49C98C86A88 /* Pods-OCS.debug.xcconfig */,
				340217DD29170C964D7566FA /* Pods-OCS.release.xcconfig */,
				29F1B5958DC572D85B53C1D7 /* Pods-OCS-OCSUITests.debug.xcconfig */,
				BC1DF295661EE1AAB356827D /* Pods-OCS-OCSUITests.release.xcconfig */,
				93FD53876099ED39CA315D91 /* Pods-OCSTests.debug.xcconfig */,
				B3B4F01E8387EA223E5A43A3 /* Pods-OCSTests.release.xcconfig */,
			);
			path = Pods;
			sourceTree = "<group>";
		};
		57B2D9990F40F25CB3D4068F /* Frameworks */ = {
			isa = PBXGroup;
			children = (
				D9E8572D87C583E95D217410 /* Pods_OCS.framework */,
				DD0490E0CB89EDFA4B54D36D /* Pods_OCS_OCSUITests.framework */,
				DCF60E339E817E41740579CB /* Pods_OCSTests.framework */,
			);
			name = Frameworks;
			sourceTree = "<group>";
		};
/* End PBXGroup section */

/* Begin PBXNativeTarget section */
		047C9670275902D000EF7D9D /* OCS */ = {
			isa = PBXNativeTarget;
			buildConfigurationList = 047C969B275902D300EF7D9D /* Build configuration list for PBXNativeTarget "OCS" */;
			buildPhases = (
				81BC3C88EA61FF6C46DC3E7E /* [CP] Check Pods Manifest.lock */,
				047C966D275902D000EF7D9D /* Sources */,
				047C966E275902D000EF7D9D /* Frameworks */,
				047C966F275902D000EF7D9D /* Resources */,
				2383C30FDAAC90CFEE9E0F4F /* [CP] Embed Pods Frameworks */,
				0439510A275909AD00C73753 /* ShellScript */,
			);
			buildRules = (
			);
			dependencies = (
			);
			name = OCS;
			productName = OCS;
			productReference = 047C9671275902D000EF7D9D /* OCS.app */;
			productType = "com.apple.product-type.application";
		};
		047C9686275902D300EF7D9D /* OCSTests */ = {
			isa = PBXNativeTarget;
			buildConfigurationList = 047C969E275902D300EF7D9D /* Build configuration list for PBXNativeTarget "OCSTests" */;
			buildPhases = (
				CF88E621DB7B095883C2E834 /* [CP] Check Pods Manifest.lock */,
				047C9683275902D300EF7D9D /* Sources */,
				047C9684275902D300EF7D9D /* Frameworks */,
				047C9685275902D300EF7D9D /* Resources */,
			);
			buildRules = (
			);
			dependencies = (
				047C9689275902D300EF7D9D /* PBXTargetDependency */,
			);
			name = OCSTests;
			productName = OCSTests;
			productReference = 047C9687275902D300EF7D9D /* OCSTests.xctest */;
			productType = "com.apple.product-type.bundle.unit-test";
		};
		047C9690275902D300EF7D9D /* OCSUITests */ = {
			isa = PBXNativeTarget;
			buildConfigurationList = 047C96A1275902D300EF7D9D /* Build configuration list for PBXNativeTarget "OCSUITests" */;
			buildPhases = (
				8FAC6079011FD9F0BF713657 /* [CP] Check Pods Manifest.lock */,
				047C968D275902D300EF7D9D /* Sources */,
				047C968E275902D300EF7D9D /* Frameworks */,
				047C968F275902D300EF7D9D /* Resources */,
				2FB2E5CB9A2DF6A3B3A3333C /* [CP] Embed Pods Frameworks */,
			);
			buildRules = (
			);
			dependencies = (
				047C9693275902D300EF7D9D /* PBXTargetDependency */,
			);
			name = OCSUITests;
			productName = OCSUITests;
			productReference = 047C9691275902D300EF7D9D /* OCSUITests.xctest */;
			productType = "com.apple.product-type.bundle.ui-testing";
		};
/* End PBXNativeTarget section */

/* Begin PBXProject section */
		047C9669275902D000EF7D9D /* Project object */ = {
			isa = PBXProject;
			attributes = {
				BuildIndependentTargetsInParallel = 1;
				LastSwiftUpdateCheck = 1310;
				LastUpgradeCheck = 1310;
				TargetAttributes = {
					047C9670275902D000EF7D9D = {
						CreatedOnToolsVersion = 13.1;
					};
					047C9686275902D300EF7D9D = {
						CreatedOnToolsVersion = 13.1;
						TestTargetID = 047C9670275902D000EF7D9D;
					};
					047C9690275902D300EF7D9D = {
						CreatedOnToolsVersion = 13.1;
						TestTargetID = 047C9670275902D000EF7D9D;
					};
				};
			};
			buildConfigurationList = 047C966C275902D000EF7D9D /* Build configuration list for PBXProject "OCS" */;
			compatibilityVersion = "Xcode 13.0";
			developmentRegion = en;
			hasScannedForEncodings = 0;
			knownRegions = (
				en,
				Base,
			);
			mainGroup = 047C9668275902D000EF7D9D;
			productRefGroup = 047C9672275902D000EF7D9D /* Products */;
			projectDirPath = "";
			projectRoot = "";
			targets = (
				047C9670275902D000EF7D9D /* OCS */,
				047C9686275902D300EF7D9D /* OCSTests */,
				047C9690275902D300EF7D9D /* OCSUITests */,
			);
		};
/* End PBXProject section */

/* Begin PBXResourcesBuildPhase section */
		047C966F275902D000EF7D9D /* Resources */ = {
			isa = PBXResourcesBuildPhase;
			buildActionMask = 2147483647;
			files = (
				047C9681275902D200EF7D9D /* LaunchScreen.storyboard in Resources */,
				047C967E275902D200EF7D9D /* Assets.xcassets in Resources */,
				047C967C275902D000EF7D9D /* Main.storyboard in Resources */,
			);
			runOnlyForDeploymentPostprocessing = 0;
		};
		047C9685275902D300EF7D9D /* Resources */ = {
			isa = PBXResourcesBuildPhase;
			buildActionMask = 2147483647;
			files = (
			);
			runOnlyForDeploymentPostprocessing = 0;
		};
		047C968F275902D300EF7D9D /* Resources */ = {
			isa = PBXResourcesBuildPhase;
			buildActionMask = 2147483647;
			files = (
			);
			runOnlyForDeploymentPostprocessing = 0;
		};
/* End PBXResourcesBuildPhase section */

/* Begin PBXShellScriptBuildPhase section */
		0439510A275909AD00C73753 /* ShellScript */ = {
			isa = PBXShellScriptBuildPhase;
			buildActionMask = 2147483647;
			files = (
			);
			inputFileListPaths = (
			);
			inputPaths = (
			);
			outputFileListPaths = (
			);
			outputPaths = (
			);
			runOnlyForDeploymentPostprocessing = 0;
			shellPath = /bin/sh;
			shellScript = "if test -d \"/opt/homebrew/bin/\"; then\n  PATH=\"/opt/homebrew/bin/:${PATH}\"\nfi\n\nexport PATH\n\nif which swiftlint >/dev/null; then\n  swiftlint --fix\nelse\n  echo \"warning: SwiftLint not installed, download from https://github.com/realm/SwiftLint\"\nfi\n\n";
		};
		2383C30FDAAC90CFEE9E0F4F /* [CP] Embed Pods Frameworks */ = {
			isa = PBXShellScriptBuildPhase;
			buildActionMask = 2147483647;
			files = (
			);
			inputFileListPaths = (
				"${PODS_ROOT}/Target Support Files/Pods-OCS/Pods-OCS-frameworks-${CONFIGURATION}-input-files.xcfilelist",
			);
			name = "[CP] Embed Pods Frameworks";
			outputFileListPaths = (
				"${PODS_ROOT}/Target Support Files/Pods-OCS/Pods-OCS-frameworks-${CONFIGURATION}-output-files.xcfilelist",
			);
			runOnlyForDeploymentPostprocessing = 0;
			shellPath = /bin/sh;
			shellScript = "\"${PODS_ROOT}/Target Support Files/Pods-OCS/Pods-OCS-frameworks.sh\"\n";
			showEnvVarsInLog = 0;
		};
		2FB2E5CB9A2DF6A3B3A3333C /* [CP] Embed Pods Frameworks */ = {
			isa = PBXShellScriptBuildPhase;
			buildActionMask = 2147483647;
			files = (
			);
			inputFileListPaths = (
				"${PODS_ROOT}/Target Support Files/Pods-OCS-OCSUITests/Pods-OCS-OCSUITests-frameworks-${CONFIGURATION}-input-files.xcfilelist",
			);
			name = "[CP] Embed Pods Frameworks";
			outputFileListPaths = (
				"${PODS_ROOT}/Target Support Files/Pods-OCS-OCSUITests/Pods-OCS-OCSUITests-frameworks-${CONFIGURATION}-output-files.xcfilelist",
			);
			runOnlyForDeploymentPostprocessing = 0;
			shellPath = /bin/sh;
			shellScript = "\"${PODS_ROOT}/Target Support Files/Pods-OCS-OCSUITests/Pods-OCS-OCSUITests-frameworks.sh\"\n";
			showEnvVarsInLog = 0;
		};
		81BC3C88EA61FF6C46DC3E7E /* [CP] Check Pods Manifest.lock */ = {
			isa = PBXShellScriptBuildPhase;
			buildActionMask = 2147483647;
			files = (
			);
			inputFileListPaths = (
			);
			inputPaths = (
				"${PODS_PODFILE_DIR_PATH}/Podfile.lock",
				"${PODS_ROOT}/Manifest.lock",
			);
			name = "[CP] Check Pods Manifest.lock";
			outputFileListPaths = (
			);
			outputPaths = (
				"$(DERIVED_FILE_DIR)/Pods-OCS-checkManifestLockResult.txt",
			);
			runOnlyForDeploymentPostprocessing = 0;
			shellPath = /bin/sh;
			shellScript = "diff \"${PODS_PODFILE_DIR_PATH}/Podfile.lock\" \"${PODS_ROOT}/Manifest.lock\" > /dev/null\nif [ $? != 0 ] ; then\n    # print error to STDERR\n    echo \"error: The sandbox is not in sync with the Podfile.lock. Run 'pod install' or update your CocoaPods installation.\" >&2\n    exit 1\nfi\n# This output is used by Xcode 'outputs' to avoid re-running this script phase.\necho \"SUCCESS\" > \"${SCRIPT_OUTPUT_FILE_0}\"\n";
			showEnvVarsInLog = 0;
		};
		8FAC6079011FD9F0BF713657 /* [CP] Check Pods Manifest.lock */ = {
			isa = PBXShellScriptBuildPhase;
			buildActionMask = 2147483647;
			files = (
			);
			inputFileListPaths = (
			);
			inputPaths = (
				"${PODS_PODFILE_DIR_PATH}/Podfile.lock",
				"${PODS_ROOT}/Manifest.lock",
			);
			name = "[CP] Check Pods Manifest.lock";
			outputFileListPaths = (
			);
			outputPaths = (
				"$(DERIVED_FILE_DIR)/Pods-OCS-OCSUITests-checkManifestLockResult.txt",
			);
			runOnlyForDeploymentPostprocessing = 0;
			shellPath = /bin/sh;
			shellScript = "diff \"${PODS_PODFILE_DIR_PATH}/Podfile.lock\" \"${PODS_ROOT}/Manifest.lock\" > /dev/null\nif [ $? != 0 ] ; then\n    # print error to STDERR\n    echo \"error: The sandbox is not in sync with the Podfile.lock. Run 'pod install' or update your CocoaPods installation.\" >&2\n    exit 1\nfi\n# This output is used by Xcode 'outputs' to avoid re-running this script phase.\necho \"SUCCESS\" > \"${SCRIPT_OUTPUT_FILE_0}\"\n";
			showEnvVarsInLog = 0;
		};
		CF88E621DB7B095883C2E834 /* [CP] Check Pods Manifest.lock */ = {
			isa = PBXShellScriptBuildPhase;
			buildActionMask = 2147483647;
			files = (
			);
			inputFileListPaths = (
			);
			inputPaths = (
				"${PODS_PODFILE_DIR_PATH}/Podfile.lock",
				"${PODS_ROOT}/Manifest.lock",
			);
			name = "[CP] Check Pods Manifest.lock";
			outputFileListPaths = (
			);
			outputPaths = (
				"$(DERIVED_FILE_DIR)/Pods-OCSTests-checkManifestLockResult.txt",
			);
			runOnlyForDeploymentPostprocessing = 0;
			shellPath = /bin/sh;
			shellScript = "diff \"${PODS_PODFILE_DIR_PATH}/Podfile.lock\" \"${PODS_ROOT}/Manifest.lock\" > /dev/null\nif [ $? != 0 ] ; then\n    # print error to STDERR\n    echo \"error: The sandbox is not in sync with the Podfile.lock. Run 'pod install' or update your CocoaPods installation.\" >&2\n    exit 1\nfi\n# This output is used by Xcode 'outputs' to avoid re-running this script phase.\necho \"SUCCESS\" > \"${SCRIPT_OUTPUT_FILE_0}\"\n";
			showEnvVarsInLog = 0;
		};
/* End PBXShellScriptBuildPhase section */

/* Begin PBXSourcesBuildPhase section */
		047C966D275902D000EF7D9D /* Sources */ = {
			isa = PBXSourcesBuildPhase;
			buildActionMask = 2147483647;
			files = (
				047C9679275902D000EF7D9D /* ViewController.swift in Sources */,
				047C9675275902D000EF7D9D /* AppDelegate.swift in Sources */,
				047C9677275902D000EF7D9D /* SceneDelegate.swift in Sources */,
			);
			runOnlyForDeploymentPostprocessing = 0;
		};
		047C9683275902D300EF7D9D /* Sources */ = {
			isa = PBXSourcesBuildPhase;
			buildActionMask = 2147483647;
			files = (
				047C968C275902D300EF7D9D /* OCSTests.swift in Sources */,
			);
			runOnlyForDeploymentPostprocessing = 0;
		};
		047C968D275902D300EF7D9D /* Sources */ = {
			isa = PBXSourcesBuildPhase;
			buildActionMask = 2147483647;
			files = (
				047C9698275902D300EF7D9D /* OCSUITestsLaunchTests.swift in Sources */,
				047C9696275902D300EF7D9D /* OCSUITests.swift in Sources */,
			);
			runOnlyForDeploymentPostprocessing = 0;
		};
/* End PBXSourcesBuildPhase section */

/* Begin PBXTargetDependency section */
		047C9689275902D300EF7D9D /* PBXTargetDependency */ = {
			isa = PBXTargetDependency;
			target = 047C9670275902D000EF7D9D /* OCS */;
			targetProxy = 047C9688275902D300EF7D9D /* PBXContainerItemProxy */;
		};
		047C9693275902D300EF7D9D /* PBXTargetDependency */ = {
			isa = PBXTargetDependency;
			target = 047C9670275902D000EF7D9D /* OCS */;
			targetProxy = 047C9692275902D300EF7D9D /* PBXContainerItemProxy */;
		};
/* End PBXTargetDependency section */

/* Begin PBXVariantGroup section */
		047C967A275902D000EF7D9D /* Main.storyboard */ = {
			isa = PBXVariantGroup;
			children = (
				047C967B275902D000EF7D9D /* Base */,
			);
			name = Main.storyboard;
			sourceTree = "<group>";
		};
		047C967F275902D200EF7D9D /* LaunchScreen.storyboard */ = {
			isa = PBXVariantGroup;
			children = (
				047C9680275902D200EF7D9D /* Base */,
			);
			name = LaunchScreen.storyboard;
			sourceTree = "<group>";
		};
/* End PBXVariantGroup section */

/* Begin XCBuildConfiguration section */
		047C9699275902D300EF7D9D /* Debug */ = {
			isa = XCBuildConfiguration;
			buildSettings = {
				ALWAYS_SEARCH_USER_PATHS = NO;
				CLANG_ANALYZER_NONNULL = YES;
				CLANG_ANALYZER_NUMBER_OBJECT_CONVERSION = YES_AGGRESSIVE;
				CLANG_CXX_LANGUAGE_STANDARD = "gnu++17";
				CLANG_CXX_LIBRARY = "libc++";
				CLANG_ENABLE_MODULES = YES;
				CLANG_ENABLE_OBJC_ARC = YES;
				CLANG_ENABLE_OBJC_WEAK = YES;
				CLANG_WARN_BLOCK_CAPTURE_AUTORELEASING = YES;
				CLANG_WARN_BOOL_CONVERSION = YES;
				CLANG_WARN_COMMA = YES;
				CLANG_WARN_CONSTANT_CONVERSION = YES;
				CLANG_WARN_DEPRECATED_OBJC_IMPLEMENTATIONS = YES;
				CLANG_WARN_DIRECT_OBJC_ISA_USAGE = YES_ERROR;
				CLANG_WARN_DOCUMENTATION_COMMENTS = YES;
				CLANG_WARN_EMPTY_BODY = YES;
				CLANG_WARN_ENUM_CONVERSION = YES;
				CLANG_WARN_INFINITE_RECURSION = YES;
				CLANG_WARN_INT_CONVERSION = YES;
				CLANG_WARN_NON_LITERAL_NULL_CONVERSION = YES;
				CLANG_WARN_OBJC_IMPLICIT_RETAIN_SELF = YES;
				CLANG_WARN_OBJC_LITERAL_CONVERSION = YES;
				CLANG_WARN_OBJC_ROOT_CLASS = YES_ERROR;
				CLANG_WARN_QUOTED_INCLUDE_IN_FRAMEWORK_HEADER = YES;
				CLANG_WARN_RANGE_LOOP_ANALYSIS = YES;
				CLANG_WARN_STRICT_PROTOTYPES = YES;
				CLANG_WARN_SUSPICIOUS_MOVE = YES;
				CLANG_WARN_UNGUARDED_AVAILABILITY = YES_AGGRESSIVE;
				CLANG_WARN_UNREACHABLE_CODE = YES;
				CLANG_WARN__DUPLICATE_METHOD_MATCH = YES;
				COPY_PHASE_STRIP = NO;
				DEBUG_INFORMATION_FORMAT = dwarf;
				ENABLE_STRICT_OBJC_MSGSEND = YES;
				ENABLE_TESTABILITY = YES;
				GCC_C_LANGUAGE_STANDARD = gnu11;
				GCC_DYNAMIC_NO_PIC = NO;
				GCC_NO_COMMON_BLOCKS = YES;
				GCC_OPTIMIZATION_LEVEL = 0;
				GCC_PREPROCESSOR_DEFINITIONS = (
					"DEBUG=1",
					"$(inherited)",
				);
				GCC_WARN_64_TO_32_BIT_CONVERSION = YES;
				GCC_WARN_ABOUT_RETURN_TYPE = YES_ERROR;
				GCC_WARN_UNDECLARED_SELECTOR = YES;
				GCC_WARN_UNINITIALIZED_AUTOS = YES_AGGRESSIVE;
				GCC_WARN_UNUSED_FUNCTION = YES;
				GCC_WARN_UNUSED_VARIABLE = YES;
				IPHONEOS_DEPLOYMENT_TARGET = 15.0;
				MTL_ENABLE_DEBUG_INFO = INCLUDE_SOURCE;
				MTL_FAST_MATH = YES;
				ONLY_ACTIVE_ARCH = YES;
				SDKROOT = iphoneos;
				SWIFT_ACTIVE_COMPILATION_CONDITIONS = DEBUG;
				SWIFT_OPTIMIZATION_LEVEL = "-Onone";
			};
			name = Debug;
		};
		047C969A275902D300EF7D9D /* Release */ = {
			isa = XCBuildConfiguration;
			buildSettings = {
				ALWAYS_SEARCH_USER_PATHS = NO;
				CLANG_ANALYZER_NONNULL = YES;
				CLANG_ANALYZER_NUMBER_OBJECT_CONVERSION = YES_AGGRESSIVE;
				CLANG_CXX_LANGUAGE_STANDARD = "gnu++17";
				CLANG_CXX_LIBRARY = "libc++";
				CLANG_ENABLE_MODULES = YES;
				CLANG_ENABLE_OBJC_ARC = YES;
				CLANG_ENABLE_OBJC_WEAK = YES;
				CLANG_WARN_BLOCK_CAPTURE_AUTORELEASING = YES;
				CLANG_WARN_BOOL_CONVERSION = YES;
				CLANG_WARN_COMMA = YES;
				CLANG_WARN_CONSTANT_CONVERSION = YES;
				CLANG_WARN_DEPRECATED_OBJC_IMPLEMENTATIONS = YES;
				CLANG_WARN_DIRECT_OBJC_ISA_USAGE = YES_ERROR;
				CLANG_WARN_DOCUMENTATION_COMMENTS = YES;
				CLANG_WARN_EMPTY_BODY = YES;
				CLANG_WARN_ENUM_CONVERSION = YES;
				CLANG_WARN_INFINITE_RECURSION = YES;
				CLANG_WARN_INT_CONVERSION = YES;
				CLANG_WARN_NON_LITERAL_NULL_CONVERSION = YES;
				CLANG_WARN_OBJC_IMPLICIT_RETAIN_SELF = YES;
				CLANG_WARN_OBJC_LITERAL_CONVERSION = YES;
				CLANG_WARN_OBJC_ROOT_CLASS = YES_ERROR;
				CLANG_WARN_QUOTED_INCLUDE_IN_FRAMEWORK_HEADER = YES;
				CLANG_WARN_RANGE_LOOP_ANALYSIS = YES;
				CLANG_WARN_STRICT_PROTOTYPES = YES;
				CLANG_WARN_SUSPICIOUS_MOVE = YES;
				CLANG_WARN_UNGUARDED_AVAILABILITY = YES_AGGRESSIVE;
				CLANG_WARN_UNREACHABLE_CODE = YES;
				CLANG_WARN__DUPLICATE_METHOD_MATCH = YES;
				COPY_PHASE_STRIP = NO;
				DEBUG_INFORMATION_FORMAT = "dwarf-with-dsym";
				ENABLE_NS_ASSERTIONS = NO;
				ENABLE_STRICT_OBJC_MSGSEND = YES;
				GCC_C_LANGUAGE_STANDARD = gnu11;
				GCC_NO_COMMON_BLOCKS = YES;
				GCC_WARN_64_TO_32_BIT_CONVERSION = YES;
				GCC_WARN_ABOUT_RETURN_TYPE = YES_ERROR;
				GCC_WARN_UNDECLARED_SELECTOR = YES;
				GCC_WARN_UNINITIALIZED_AUTOS = YES_AGGRESSIVE;
				GCC_WARN_UNUSED_FUNCTION = YES;
				GCC_WARN_UNUSED_VARIABLE = YES;
				IPHONEOS_DEPLOYMENT_TARGET = 15.0;
				MTL_ENABLE_DEBUG_INFO = NO;
				MTL_FAST_MATH = YES;
				SDKROOT = iphoneos;
				SWIFT_COMPILATION_MODE = wholemodule;
				SWIFT_OPTIMIZATION_LEVEL = "-O";
				VALIDATE_PRODUCT = YES;
			};
			name = Release;
		};
		047C969C275902D300EF7D9D /* Debug */ = {
			isa = XCBuildConfiguration;
			baseConfigurationReference = 858CC11561FAC49C98C86A88 /* Pods-OCS.debug.xcconfig */;
			buildSettings = {
				ASSETCATALOG_COMPILER_APPICON_NAME = AppIcon;
				ASSETCATALOG_COMPILER_GLOBAL_ACCENT_COLOR_NAME = AccentColor;
				CODE_SIGN_STYLE = Automatic;
				CURRENT_PROJECT_VERSION = 1;
				GENERATE_INFOPLIST_FILE = YES;
				INFOPLIST_FILE = OCS/Info.plist;
				INFOPLIST_KEY_UIApplicationSupportsIndirectInputEvents = YES;
				INFOPLIST_KEY_UILaunchStoryboardName = LaunchScreen;
				INFOPLIST_KEY_UIMainStoryboardFile = Main;
				INFOPLIST_KEY_UISupportedInterfaceOrientations_iPad = "UIInterfaceOrientationPortrait UIInterfaceOrientationPortraitUpsideDown UIInterfaceOrientationLandscapeLeft UIInterfaceOrientationLandscapeRight";
				INFOPLIST_KEY_UISupportedInterfaceOrientations_iPhone = "UIInterfaceOrientationPortrait UIInterfaceOrientationLandscapeLeft UIInterfaceOrientationLandscapeRight";
				LD_RUNPATH_SEARCH_PATHS = (
					"$(inherited)",
					"@executable_path/Frameworks",
				);
				MARKETING_VERSION = 1.0;
				PRODUCT_BUNDLE_IDENTIFIER = com.zakaria.OCS;
				PRODUCT_NAME = "$(TARGET_NAME)";
				SWIFT_EMIT_LOC_STRINGS = YES;
				SWIFT_VERSION = 5.0;
				TARGETED_DEVICE_FAMILY = "1,2";
			};
			name = Debug;
		};
		047C969D275902D300EF7D9D /* Release */ = {
			isa = XCBuildConfiguration;
			baseConfigurationReference = 340217DD29170C964D7566FA /* Pods-OCS.release.xcconfig */;
			buildSettings = {
				ASSETCATALOG_COMPILER_APPICON_NAME = AppIcon;
				ASSETCATALOG_COMPILER_GLOBAL_ACCENT_COLOR_NAME = AccentColor;
				CODE_SIGN_STYLE = Automatic;
				CURRENT_PROJECT_VERSION = 1;
				GENERATE_INFOPLIST_FILE = YES;
				INFOPLIST_FILE = OCS/Info.plist;
				INFOPLIST_KEY_UIApplicationSupportsIndirectInputEvents = YES;
				INFOPLIST_KEY_UILaunchStoryboardName = LaunchScreen;
				INFOPLIST_KEY_UIMainStoryboardFile = Main;
				INFOPLIST_KEY_UISupportedInterfaceOrientations_iPad = "UIInterfaceOrientationPortrait UIInterfaceOrientationPortraitUpsideDown UIInterfaceOrientationLandscapeLeft UIInterfaceOrientationLandscapeRight";
				INFOPLIST_KEY_UISupportedInterfaceOrientations_iPhone = "UIInterfaceOrientationPortrait UIInterfaceOrientationLandscapeLeft UIInterfaceOrientationLandscapeRight";
				LD_RUNPATH_SEARCH_PATHS = (
					"$(inherited)",
					"@executable_path/Frameworks",
				);
				MARKETING_VERSION = 1.0;
				PRODUCT_BUNDLE_IDENTIFIER = com.zakaria.OCS;
				PRODUCT_NAME = "$(TARGET_NAME)";
				SWIFT_EMIT_LOC_STRINGS = YES;
				SWIFT_VERSION = 5.0;
				TARGETED_DEVICE_FAMILY = "1,2";
			};
			name = Release;
		};
		047C969F275902D300EF7D9D /* Debug */ = {
			isa = XCBuildConfiguration;
			baseConfigurationReference = 93FD53876099ED39CA315D91 /* Pods-OCSTests.debug.xcconfig */;
			buildSettings = {
				ALWAYS_EMBED_SWIFT_STANDARD_LIBRARIES = YES;
				BUNDLE_LOADER = "$(TEST_HOST)";
				CODE_SIGN_STYLE = Automatic;
				CURRENT_PROJECT_VERSION = 1;
				GENERATE_INFOPLIST_FILE = YES;
				IPHONEOS_DEPLOYMENT_TARGET = 15.0;
				LD_RUNPATH_SEARCH_PATHS = (
					"$(inherited)",
					"@executable_path/Frameworks",
					"@loader_path/Frameworks",
				);
				MARKETING_VERSION = 1.0;
				PRODUCT_BUNDLE_IDENTIFIER = com.zakaria.OCSTests;
				PRODUCT_NAME = "$(TARGET_NAME)";
				SWIFT_EMIT_LOC_STRINGS = NO;
				SWIFT_VERSION = 5.0;
				TARGETED_DEVICE_FAMILY = "1,2";
				TEST_HOST = "$(BUILT_PRODUCTS_DIR)/OCS.app/OCS";
			};
			name = Debug;
		};
		047C96A0275902D300EF7D9D /* Release */ = {
			isa = XCBuildConfiguration;
			baseConfigurationReference = B3B4F01E8387EA223E5A43A3 /* Pods-OCSTests.release.xcconfig */;
			buildSettings = {
				ALWAYS_EMBED_SWIFT_STANDARD_LIBRARIES = YES;
				BUNDLE_LOADER = "$(TEST_HOST)";
				CODE_SIGN_STYLE = Automatic;
				CURRENT_PROJECT_VERSION = 1;
				GENERATE_INFOPLIST_FILE = YES;
				IPHONEOS_DEPLOYMENT_TARGET = 15.0;
				LD_RUNPATH_SEARCH_PATHS = (
					"$(inherited)",
					"@executable_path/Frameworks",
					"@loader_path/Frameworks",
				);
				MARKETING_VERSION = 1.0;
				PRODUCT_BUNDLE_IDENTIFIER = com.zakaria.OCSTests;
				PRODUCT_NAME = "$(TARGET_NAME)";
				SWIFT_EMIT_LOC_STRINGS = NO;
				SWIFT_VERSION = 5.0;
				TARGETED_DEVICE_FAMILY = "1,2";
				TEST_HOST = "$(BUILT_PRODUCTS_DIR)/OCS.app/OCS";
			};
			name = Release;
		};
		047C96A2275902D300EF7D9D /* Debug */ = {
			isa = XCBuildConfiguration;
			baseConfigurationReference = 29F1B5958DC572D85B53C1D7 /* Pods-OCS-OCSUITests.debug.xcconfig */;
			buildSettings = {
				ALWAYS_EMBED_SWIFT_STANDARD_LIBRARIES = YES;
				CODE_SIGN_STYLE = Automatic;
				CURRENT_PROJECT_VERSION = 1;
				GENERATE_INFOPLIST_FILE = YES;
				LD_RUNPATH_SEARCH_PATHS = (
					"$(inherited)",
					"@executable_path/Frameworks",
					"@loader_path/Frameworks",
				);
				MARKETING_VERSION = 1.0;
				PRODUCT_BUNDLE_IDENTIFIER = com.zakaria.OCSUITests;
				PRODUCT_NAME = "$(TARGET_NAME)";
				SWIFT_EMIT_LOC_STRINGS = NO;
				SWIFT_VERSION = 5.0;
				TARGETED_DEVICE_FAMILY = "1,2";
				TEST_TARGET_NAME = OCS;
			};
			name = Debug;
		};
		047C96A3275902D300EF7D9D /* Release */ = {
			isa = XCBuildConfiguration;
			baseConfigurationReference = BC1DF295661EE1AAB356827D /* Pods-OCS-OCSUITests.release.xcconfig */;
			buildSettings = {
				ALWAYS_EMBED_SWIFT_STANDARD_LIBRARIES = YES;
				CODE_SIGN_STYLE = Automatic;
				CURRENT_PROJECT_VERSION = 1;
				GENERATE_INFOPLIST_FILE = YES;
				LD_RUNPATH_SEARCH_PATHS = (
					"$(inherited)",
					"@executable_path/Frameworks",
					"@loader_path/Frameworks",
				);
				MARKETING_VERSION = 1.0;
				PRODUCT_BUNDLE_IDENTIFIER = com.zakaria.OCSUITests;
				PRODUCT_NAME = "$(TARGET_NAME)";
				SWIFT_EMIT_LOC_STRINGS = NO;
				SWIFT_VERSION = 5.0;
				TARGETED_DEVICE_FAMILY = "1,2";
				TEST_TARGET_NAME = OCS;
			};
			name = Release;
		};
/* End XCBuildConfiguration section */

/* Begin XCConfigurationList section */
		047C966C275902D000EF7D9D /* Build configuration list for PBXProject "OCS" */ = {
			isa = XCConfigurationList;
			buildConfigurations = (
				047C9699275902D300EF7D9D /* Debug */,
				047C969A275902D300EF7D9D /* Release */,
			);
			defaultConfigurationIsVisible = 0;
			defaultConfigurationName = Release;
		};
		047C969B275902D300EF7D9D /* Build configuration list for PBXNativeTarget "OCS" */ = {
			isa = XCConfigurationList;
			buildConfigurations = (
				047C969C275902D300EF7D9D /* Debug */,
				047C969D275902D300EF7D9D /* Release */,
			);
			defaultConfigurationIsVisible = 0;
			defaultConfigurationName = Release;
		};
		047C969E275902D300EF7D9D /* Build configuration list for PBXNativeTarget "OCSTests" */ = {
			isa = XCConfigurationList;
			buildConfigurations = (
				047C969F275902D300EF7D9D /* Debug */,
				047C96A0275902D300EF7D9D /* Release */,
			);
			defaultConfigurationIsVisible = 0;
			defaultConfigurationName = Release;
		};
		047C96A1275902D300EF7D9D /* Build configuration list for PBXNativeTarget "OCSUITests" */ = {
			isa = XCConfigurationList;
			buildConfigurations = (
				047C96A2275902D300EF7D9D /* Debug */,
				047C96A3275902D300EF7D9D /* Release */,
			);
			defaultConfigurationIsVisible = 0;
			defaultConfigurationName = Release;
		};
/* End XCConfigurationList section */
	};
	rootObject = 047C9669275902D000EF7D9D /* Project object */;
}
